// !$*UTF8*$!
{
	archiveVersion = 1;
	classes = {
	};
	objectVersion = 50;
	objects = {

/* Begin PBXBuildFile section */
		194F344C212B08DE005D239C /* MusicSearchModel.swift in Sources */ = {isa = PBXBuildFile; fileRef = 194F344B212B08DE005D239C /* MusicSearchModel.swift */; };
		194F344F212B21F0005D239C /* MusicResultCell.swift in Sources */ = {isa = PBXBuildFile; fileRef = 194F344D212B21F0005D239C /* MusicResultCell.swift */; };
		194F3450212B21F0005D239C /* MusicResultCell.xib in Resources */ = {isa = PBXBuildFile; fileRef = 194F344E212B21F0005D239C /* MusicResultCell.xib */; };
		194F3452212B27AE005D239C /* ApiRouter.swift in Sources */ = {isa = PBXBuildFile; fileRef = 194F3451212B27AE005D239C /* ApiRouter.swift */; };
		194F3458212B2B9B005D239C /* AudioPlayerController.swift in Sources */ = {isa = PBXBuildFile; fileRef = 194F3457212B2B9B005D239C /* AudioPlayerController.swift */; };
		19E16905212B0792007682BE /* AppDelegate.swift in Sources */ = {isa = PBXBuildFile; fileRef = 19E16904212B0792007682BE /* AppDelegate.swift */; };
		19E16907212B0792007682BE /* SearchViewContorller.swift in Sources */ = {isa = PBXBuildFile; fileRef = 19E16906212B0792007682BE /* SearchViewContorller.swift */; };
		19E1690A212B0792007682BE /* Main.storyboard in Resources */ = {isa = PBXBuildFile; fileRef = 19E16908212B0792007682BE /* Main.storyboard */; };
		19E1690C212B0792007682BE /* Assets.xcassets in Resources */ = {isa = PBXBuildFile; fileRef = 19E1690B212B0792007682BE /* Assets.xcassets */; };
		19E1690F212B0792007682BE /* LaunchScreen.storyboard in Resources */ = {isa = PBXBuildFile; fileRef = 19E1690D212B0792007682BE /* LaunchScreen.storyboard */; };
		92181526186A300CE8BBCF80 /* Pods_ItunesSearchDemo.framework in Frameworks */ = {isa = PBXBuildFile; fileRef = E0A9323D56E4E176431C5628 /* Pods_ItunesSearchDemo.framework */; };
/* End PBXBuildFile section */

/* Begin PBXFileReference section */
		13BE364F775486F53F2783C4 /* Pods-ItunesSearchDemo.debug.xcconfig */ = {isa = PBXFileReference; includeInIndex = 1; lastKnownFileType = text.xcconfig; name = "Pods-ItunesSearchDemo.debug.xcconfig"; path = "Pods/Target Support Files/Pods-ItunesSearchDemo/Pods-ItunesSearchDemo.debug.xcconfig"; sourceTree = "<group>"; };
		194F344B212B08DE005D239C /* MusicSearchModel.swift */ = {isa = PBXFileReference; lastKnownFileType = sourcecode.swift; path = MusicSearchModel.swift; sourceTree = "<group>"; };
		194F344D212B21F0005D239C /* MusicResultCell.swift */ = {isa = PBXFileReference; lastKnownFileType = sourcecode.swift; path = MusicResultCell.swift; sourceTree = "<group>"; };
		194F344E212B21F0005D239C /* MusicResultCell.xib */ = {isa = PBXFileReference; lastKnownFileType = file.xib; path = MusicResultCell.xib; sourceTree = "<group>"; };
		194F3451212B27AE005D239C /* ApiRouter.swift */ = {isa = PBXFileReference; lastKnownFileType = sourcecode.swift; path = ApiRouter.swift; sourceTree = "<group>"; };
		194F3457212B2B9B005D239C /* AudioPlayerController.swift */ = {isa = PBXFileReference; lastKnownFileType = sourcecode.swift; path = AudioPlayerController.swift; sourceTree = "<group>"; };
		19E16901212B0792007682BE /* ItunesSearchDemo.app */ = {isa = PBXFileReference; explicitFileType = wrapper.application; includeInIndex = 0; path = ItunesSearchDemo.app; sourceTree = BUILT_PRODUCTS_DIR; };
		19E16904212B0792007682BE /* AppDelegate.swift */ = {isa = PBXFileReference; lastKnownFileType = sourcecode.swift; path = AppDelegate.swift; sourceTree = "<group>"; };
		19E16906212B0792007682BE /* SearchViewContorller.swift */ = {isa = PBXFileReference; lastKnownFileType = sourcecode.swift; path = SearchViewContorller.swift; sourceTree = "<group>"; };
		19E16909212B0792007682BE /* Base */ = {isa = PBXFileReference; lastKnownFileType = file.storyboard; name = Base; path = Base.lproj/Main.storyboard; sourceTree = "<group>"; };
		19E1690B212B0792007682BE /* Assets.xcassets */ = {isa = PBXFileReference; lastKnownFileType = folder.assetcatalog; path = Assets.xcassets; sourceTree = "<group>"; };
		19E1690E212B0792007682BE /* Base */ = {isa = PBXFileReference; lastKnownFileType = file.storyboard; name = Base; path = Base.lproj/LaunchScreen.storyboard; sourceTree = "<group>"; };
		19E16910212B0792007682BE /* Info.plist */ = {isa = PBXFileReference; lastKnownFileType = text.plist.xml; path = Info.plist; sourceTree = "<group>"; };
		D14F92343756E13E7A6169F0 /* Pods-ItunesSearchDemo.release.xcconfig */ = {isa = PBXFileReference; includeInIndex = 1; lastKnownFileType = text.xcconfig; name = "Pods-ItunesSearchDemo.release.xcconfig"; path = "Pods/Target Support Files/Pods-ItunesSearchDemo/Pods-ItunesSearchDemo.release.xcconfig"; sourceTree = "<group>"; };
		E0A9323D56E4E176431C5628 /* Pods_ItunesSearchDemo.framework */ = {isa = PBXFileReference; explicitFileType = wrapper.framework; includeInIndex = 0; path = Pods_ItunesSearchDemo.framework; sourceTree = BUILT_PRODUCTS_DIR; };
/* End PBXFileReference section */

/* Begin PBXFrameworksBuildPhase section */
		19E168FE212B0792007682BE /* Frameworks */ = {
			isa = PBXFrameworksBuildPhase;
			buildActionMask = 2147483647;
			files = (
				92181526186A300CE8BBCF80 /* Pods_ItunesSearchDemo.framework in Frameworks */,
			);
			runOnlyForDeploymentPostprocessing = 0;
		};
/* End PBXFrameworksBuildPhase section */

/* Begin PBXGroup section */
		19E168F8212B0792007682BE = {
			isa = PBXGroup;
			children = (
				19E16903212B0792007682BE /* ItunesSearchDemo */,
				19E16902212B0792007682BE /* Products */,
				362ABB33AA6128406AB4242A /* Pods */,
				97B8FF83D19040E25AD2996C /* Frameworks */,
			);
			sourceTree = "<group>";
		};
		19E16902212B0792007682BE /* Products */ = {
			isa = PBXGroup;
			children = (
				19E16901212B0792007682BE /* ItunesSearchDemo.app */,
			);
			name = Products;
			sourceTree = "<group>";
		};
		19E16903212B0792007682BE /* ItunesSearchDemo */ = {
			isa = PBXGroup;
			children = (
				194F3451212B27AE005D239C /* ApiRouter.swift */,
				194F344B212B08DE005D239C /* MusicSearchModel.swift */,
				19E16906212B0792007682BE /* SearchViewContorller.swift */,
				194F3457212B2B9B005D239C /* AudioPlayerController.swift */,
				194F344D212B21F0005D239C /* MusicResultCell.swift */,
				194F344E212B21F0005D239C /* MusicResultCell.xib */,
				19E16904212B0792007682BE /* AppDelegate.swift */,
				19E16908212B0792007682BE /* Main.storyboard */,
				19E1690B212B0792007682BE /* Assets.xcassets */,
				19E1690D212B0792007682BE /* LaunchScreen.storyboard */,
				19E16910212B0792007682BE /* Info.plist */,
			);
			path = ItunesSearchDemo;
			sourceTree = "<group>";
		};
		362ABB33AA6128406AB4242A /* Pods */ = {
			isa = PBXGroup;
			children = (
				13BE364F775486F53F2783C4 /* Pods-ItunesSearchDemo.debug.xcconfig */,
				D14F92343756E13E7A6169F0 /* Pods-ItunesSearchDemo.release.xcconfig */,
			);
			name = Pods;
			sourceTree = "<group>";
		};
		97B8FF83D19040E25AD2996C /* Frameworks */ = {
			isa = PBXGroup;
			children = (
				E0A9323D56E4E176431C5628 /* Pods_ItunesSearchDemo.framework */,
			);
			name = Frameworks;
			sourceTree = "<group>";
		};
/* End PBXGroup section */

/* Begin PBXNativeTarget section */
		19E16900212B0792007682BE /* ItunesSearchDemo */ = {
			isa = PBXNativeTarget;
			buildConfigurationList = 19E16913212B0792007682BE /* Build configuration list for PBXNativeTarget "ItunesSearchDemo" */;
			buildPhases = (
				579DAA9E7807D6E8DAB9DC7D /* [CP] Check Pods Manifest.lock */,
				19E168FD212B0792007682BE /* Sources */,
				19E168FE212B0792007682BE /* Frameworks */,
				19E168FF212B0792007682BE /* Resources */,
				796E7BDACE3057FF998892F2 /* [CP] Embed Pods Frameworks */,
			);
			buildRules = (
			);
			dependencies = (
			);
			name = ItunesSearchDemo;
			productName = ItunesSearchDemo;
			productReference = 19E16901212B0792007682BE /* ItunesSearchDemo.app */;
			productType = "com.apple.product-type.application";
		};
/* End PBXNativeTarget section */

/* Begin PBXProject section */
		19E168F9212B0792007682BE /* Project object */ = {
			isa = PBXProject;
			attributes = {
				LastSwiftUpdateCheck = 0940;
				LastUpgradeCheck = 0940;
				ORGANIZATIONNAME = "顏嘉佑(Joe)";
				TargetAttributes = {
					19E16900212B0792007682BE = {
						CreatedOnToolsVersion = 9.4.1;
					};
				};
			};
			buildConfigurationList = 19E168FC212B0792007682BE /* Build configuration list for PBXProject "ItunesSearchDemo" */;
			compatibilityVersion = "Xcode 9.3";
			developmentRegion = en;
			hasScannedForEncodings = 0;
			knownRegions = (
				en,
				Base,
			);
			mainGroup = 19E168F8212B0792007682BE;
			productRefGroup = 19E16902212B0792007682BE /* Products */;
			projectDirPath = "";
			projectRoot = "";
			targets = (
				19E16900212B0792007682BE /* ItunesSearchDemo */,
			);
		};
/* End PBXProject section */

/* Begin PBXResourcesBuildPhase section */
		19E168FF212B0792007682BE /* Resources */ = {
			isa = PBXResourcesBuildPhase;
			buildActionMask = 2147483647;
			files = (
				194F3450212B21F0005D239C /* MusicResultCell.xib in Resources */,
				19E1690F212B0792007682BE /* LaunchScreen.storyboard in Resources */,
				19E1690C212B0792007682BE /* Assets.xcassets in Resources */,
				19E1690A212B0792007682BE /* Main.storyboard in Resources */,
			);
			runOnlyForDeploymentPostprocessing = 0;
		};
/* End PBXResourcesBuildPhase section */

/* Begin PBXShellScriptBuildPhase section */
		579DAA9E7807D6E8DAB9DC7D /* [CP] Check Pods Manifest.lock */ = {
			isa = PBXShellScriptBuildPhase;
			buildActionMask = 2147483647;
			files = (
			);
			inputPaths = (
				"${PODS_PODFILE_DIR_PATH}/Podfile.lock",
				"${PODS_ROOT}/Manifest.lock",
			);
			name = "[CP] Check Pods Manifest.lock";
			outputPaths = (
				"$(DERIVED_FILE_DIR)/Pods-ItunesSearchDemo-checkManifestLockResult.txt",
			);
			runOnlyForDeploymentPostprocessing = 0;
			shellPath = /bin/sh;
			shellScript = "diff \"${PODS_PODFILE_DIR_PATH}/Podfile.lock\" \"${PODS_ROOT}/Manifest.lock\" > /dev/null\nif [ $? != 0 ] ; then\n    # print error to STDERR\n    echo \"error: The sandbox is not in sync with the Podfile.lock. Run 'pod install' or update your CocoaPods installation.\" >&2\n    exit 1\nfi\n# This output is used by Xcode 'outputs' to avoid re-running this script phase.\necho \"SUCCESS\" > \"${SCRIPT_OUTPUT_FILE_0}\"\n";
			showEnvVarsInLog = 0;
		};
		796E7BDACE3057FF998892F2 /* [CP] Embed Pods Frameworks */ = {
			isa = PBXShellScriptBuildPhase;
			buildActionMask = 2147483647;
			files = (
			);
			inputPaths = (
				"${SRCROOT}/Pods/Target Support Files/Pods-ItunesSearchDemo/Pods-ItunesSearchDemo-frameworks.sh",
				"${BUILT_PRODUCTS_DIR}/Alamofire/Alamofire.framework",
			);
			name = "[CP] Embed Pods Frameworks";
			outputPaths = (
				"${TARGET_BUILD_DIR}/${FRAMEWORKS_FOLDER_PATH}/Alamofire.framework",
			);
			runOnlyForDeploymentPostprocessing = 0;
			shellPath = /bin/sh;
			shellScript = "\"${SRCROOT}/Pods/Target Support Files/Pods-ItunesSearchDemo/Pods-ItunesSearchDemo-frameworks.sh\"\n";
			showEnvVarsInLog = 0;
		};
/* End PBXShellScriptBuildPhase section */

/* Begin PBXSourcesBuildPhase section */
		19E168FD212B0792007682BE /* Sources */ = {
			isa = PBXSourcesBuildPhase;
			buildActionMask = 2147483647;
			files = (
				194F344F212B21F0005D239C /* MusicResultCell.swift in Sources */,
				19E16907212B0792007682BE /* SearchViewContorller.swift in Sources */,
				194F3452212B27AE005D239C /* ApiRouter.swift in Sources */,
				19E16905212B0792007682BE /* AppDelegate.swift in Sources */,
				194F344C212B08DE005D239C /* MusicSearchModel.swift in Sources */,
				194F3458212B2B9B005D239C /* AudioPlayerController.swift in Sources */,
			);
			runOnlyForDeploymentPostprocessing = 0;
		};
/* End PBXSourcesBuildPhase section */

/* Begin PBXVariantGroup section */
		19E16908212B0792007682BE /* Main.storyboard */ = {
			isa = PBXVariantGroup;
			children = (
				19E16909212B0792007682BE /* Base */,
			);
			name = Main.storyboard;
			sourceTree = "<group>";
		};
		19E1690D212B0792007682BE /* LaunchScreen.storyboard */ = {
			isa = PBXVariantGroup;
			children = (
				19E1690E212B0792007682BE /* Base */,
			);
			name = LaunchScreen.storyboard;
			sourceTree = "<group>";
		};
/* End PBXVariantGroup section */

/* Begin XCBuildConfiguration section */
		19E16911212B0792007682BE /* Debug */ = {
			isa = XCBuildConfiguration;
			buildSettings = {
				ALWAYS_SEARCH_USER_PATHS = NO;
				CLANG_ANALYZER_NONNULL = YES;
				CLANG_ANALYZER_NUMBER_OBJECT_CONVERSION = YES_AGGRESSIVE;
				CLANG_CXX_LANGUAGE_STANDARD = "gnu++14";
				CLANG_CXX_LIBRARY = "libc++";
				CLANG_ENABLE_MODULES = YES;
				CLANG_ENABLE_OBJC_ARC = YES;
				CLANG_ENABLE_OBJC_WEAK = YES;
				CLANG_WARN_BLOCK_CAPTURE_AUTORELEASING = YES;
				CLANG_WARN_BOOL_CONVERSION = YES;
				CLANG_WARN_COMMA = YES;
				CLANG_WARN_CONSTANT_CONVERSION = YES;
				CLANG_WARN_DEPRECATED_OBJC_IMPLEMENTATIONS = YES;
				CLANG_WARN_DIRECT_OBJC_ISA_USAGE = YES_ERROR;
				CLANG_WARN_DOCUMENTATION_COMMENTS = YES;
				CLANG_WARN_EMPTY_BODY = YES;
				CLANG_WARN_ENUM_CONVERSION = YES;
				CLANG_WARN_INFINITE_RECURSION = YES;
				CLANG_WARN_INT_CONVERSION = YES;
				CLANG_WARN_NON_LITERAL_NULL_CONVERSION = YES;
				CLANG_WARN_OBJC_IMPLICIT_RETAIN_SELF = YES;
				CLANG_WARN_OBJC_LITERAL_CONVERSION = YES;
				CLANG_WARN_OBJC_ROOT_CLASS = YES_ERROR;
				CLANG_WARN_RANGE_LOOP_ANALYSIS = YES;
				CLANG_WARN_STRICT_PROTOTYPES = YES;
				CLANG_WARN_SUSPICIOUS_MOVE = YES;
				CLANG_WARN_UNGUARDED_AVAILABILITY = YES_AGGRESSIVE;
				CLANG_WARN_UNREACHABLE_CODE = YES;
				CLANG_WARN__DUPLICATE_METHOD_MATCH = YES;
				CODE_SIGN_IDENTITY = "iPhone Developer";
				COPY_PHASE_STRIP = NO;
				DEBUG_INFORMATION_FORMAT = dwarf;
				ENABLE_STRICT_OBJC_MSGSEND = YES;
				ENABLE_TESTABILITY = YES;
				GCC_C_LANGUAGE_STANDARD = gnu11;
				GCC_DYNAMIC_NO_PIC = NO;
				GCC_NO_COMMON_BLOCKS = YES;
				GCC_OPTIMIZATION_LEVEL = 0;
				GCC_PREPROCESSOR_DEFINITIONS = (
					"DEBUG=1",
					"$(inherited)",
				);
				GCC_WARN_64_TO_32_BIT_CONVERSION = YES;
				GCC_WARN_ABOUT_RETURN_TYPE = YES_ERROR;
				GCC_WARN_UNDECLARED_SELECTOR = YES;
				GCC_WARN_UNINITIALIZED_AUTOS = YES_AGGRESSIVE;
				GCC_WARN_UNUSED_FUNCTION = YES;
				GCC_WARN_UNUSED_VARIABLE = YES;
				IPHONEOS_DEPLOYMENT_TARGET = 11.4;
				MTL_ENABLE_DEBUG_INFO = YES;
				ONLY_ACTIVE_ARCH = YES;
				SDKROOT = iphoneos;
				SWIFT_ACTIVE_COMPILATION_CONDITIONS = DEBUG;
				SWIFT_OPTIMIZATION_LEVEL = "-Onone";
			};
			name = Debug;
		};
		19E16912212B0792007682BE /* Release */ = {
			isa = XCBuildConfiguration;
			buildSettings = {
				ALWAYS_SEARCH_USER_PATHS = NO;
				CLANG_ANALYZER_NONNULL = YES;
				CLANG_ANALYZER_NUMBER_OBJECT_CONVERSION = YES_AGGRESSIVE;
				CLANG_CXX_LANGUAGE_STANDARD = "gnu++14";
				CLANG_CXX_LIBRARY = "libc++";
				CLANG_ENABLE_MODULES = YES;
				CLANG_ENABLE_OBJC_ARC = YES;
				CLANG_ENABLE_OBJC_WEAK = YES;
				CLANG_WARN_BLOCK_CAPTURE_AUTORELEASING = YES;
				CLANG_WARN_BOOL_CONVERSION = YES;
				CLANG_WARN_COMMA = YES;
				CLANG_WARN_CONSTANT_CONVERSION = YES;
				CLANG_WARN_DEPRECATED_OBJC_IMPLEMENTATIONS = YES;
				CLANG_WARN_DIRECT_OBJC_ISA_USAGE = YES_ERROR;
				CLANG_WARN_DOCUMENTATION_COMMENTS = YES;
				CLANG_WARN_EMPTY_BODY = YES;
				CLANG_WARN_ENUM_CONVERSION = YES;
				CLANG_WARN_INFINITE_RECURSION = YES;
				CLANG_WARN_INT_CONVERSION = YES;
				CLANG_WARN_NON_LITERAL_NULL_CONVERSION = YES;
				CLANG_WARN_OBJC_IMPLICIT_RETAIN_SELF = YES;
				CLANG_WARN_OBJC_LITERAL_CONVERSION = YES;
				CLANG_WARN_OBJC_ROOT_CLASS = YES_ERROR;
				CLANG_WARN_RANGE_LOOP_ANALYSIS = YES;
				CLANG_WARN_STRICT_PROTOTYPES = YES;
				CLANG_WARN_SUSPICIOUS_MOVE = YES;
				CLANG_WARN_UNGUARDED_AVAILABILITY = YES_AGGRESSIVE;
				CLANG_WARN_UNREACHABLE_CODE = YES;
				CLANG_WARN__DUPLICATE_METHOD_MATCH = YES;
				CODE_SIGN_IDENTITY = "iPhone Developer";
				COPY_PHASE_STRIP = NO;
				DEBUG_INFORMATION_FORMAT = "dwarf-with-dsym";
				ENABLE_NS_ASSERTIONS = NO;
				ENABLE_STRICT_OBJC_MSGSEND = YES;
				GCC_C_LANGUAGE_STANDARD = gnu11;
				GCC_NO_COMMON_BLOCKS = YES;
				GCC_WARN_64_TO_32_BIT_CONVERSION = YES;
				GCC_WARN_ABOUT_RETURN_TYPE = YES_ERROR;
				GCC_WARN_UNDECLARED_SELECTOR = YES;
				GCC_WARN_UNINITIALIZED_AUTOS = YES_AGGRESSIVE;
				GCC_WARN_UNUSED_FUNCTION = YES;
				GCC_WARN_UNUSED_VARIABLE = YES;
				IPHONEOS_DEPLOYMENT_TARGET = 11.4;
				MTL_ENABLE_DEBUG_INFO = NO;
				SDKROOT = iphoneos;
				SWIFT_COMPILATION_MODE = wholemodule;
				SWIFT_OPTIMIZATION_LEVEL = "-O";
				VALIDATE_PRODUCT = YES;
			};
			name = Release;
		};
		19E16914212B0792007682BE /* Debug */ = {
			isa = XCBuildConfiguration;
			baseConfigurationReference = 13BE364F775486F53F2783C4 /* Pods-ItunesSearchDemo.debug.xcconfig */;
			buildSettings = {
				ASSETCATALOG_COMPILER_APPICON_NAME = AppIcon;
				CODE_SIGN_STYLE = Automatic;
				DEVELOPMENT_TEAM = 7J87JK82Q6;
				INFOPLIST_FILE = ItunesSearchDemo/Info.plist;
				IPHONEOS_DEPLOYMENT_TARGET = 9.0;
				LD_RUNPATH_SEARCH_PATHS = (
					"$(inherited)",
					"@executable_path/Frameworks",
				);
				PRODUCT_BUNDLE_IDENTIFIER = JoeYen.ItunesSearchDemo;
				PRODUCT_NAME = "$(TARGET_NAME)";
				SWIFT_VERSION = 4.0;
				TARGETED_DEVICE_FAMILY = "1,2";
			};
			name = Debug;
		};
		19E16915212B0792007682BE /* Release */ = {
			isa = XCBuildConfiguration;
			baseConfigurationReference = D14F92343756E13E7A6169F0 /* Pods-ItunesSearchDemo.release.xcconfig */;
			buildSettings = {
				ASSETCATALOG_COMPILER_APPICON_NAME = AppIcon;
				CODE_SIGN_STYLE = Automatic;
				DEVELOPMENT_TEAM = 7J87JK82Q6;
				INFOPLIST_FILE = ItunesSearchDemo/Info.plist;
				IPHONEOS_DEPLOYMENT_TARGET = 9.0;
				LD_RUNPATH_SEARCH_PATHS = (
					"$(inherited)",
					"@executable_path/Frameworks",
				);
				PRODUCT_BUNDLE_IDENTIFIER = JoeYen.ItunesSearchDemo;
				PRODUCT_NAME = "$(TARGET_NAME)";
				SWIFT_VERSION = 4.0;
				TARGETED_DEVICE_FAMILY = "1,2";
			};
			name = Release;
		};
/* End XCBuildConfiguration section */

/* Begin XCConfigurationList section */
		19E168FC212B0792007682BE /* Build configuration list for PBXProject "ItunesSearchDemo" */ = {
			isa = XCConfigurationList;
			buildConfigurations = (
				19E16911212B0792007682BE /* Debug */,
				19E16912212B0792007682BE /* Release */,
			);
			defaultConfigurationIsVisible = 0;
			defaultConfigurationName = Release;
		};
		19E16913212B0792007682BE /* Build configuration list for PBXNativeTarget "ItunesSearchDemo" */ = {
			isa = XCConfigurationList;
			buildConfigurations = (
				19E16914212B0792007682BE /* Debug */,
				19E16915212B0792007682BE /* Release */,
			);
			defaultConfigurationIsVisible = 0;
			defaultConfigurationName = Release;
		};
/* End XCConfigurationList section */
	};
	rootObject = 19E168F9212B0792007682BE /* Project object */;
}
